
Microsoft Visual Studio Solution File, Format Version 12.00
# Visual Studio Version 16
VisualStudioVersion = 16.0.31515.178
MinimumVisualStudioVersion = 10.0.40219.1
Project("{9A19103F-16F7-4668-BE54-9A1E7A4F7556}") = "FlexeraConsoleApp", "FlexeraConsoleApp\FlexeraConsoleApp.csproj", "{C50D1722-8288-4931-904B-7E3105ECD8AA}"
EndProject
Project("{FAE04EC0-301F-11D3-BF4B-00C04F79EFBC}") = "FlexeraConsoleAppTests", "FlexeraConsoleAppTests\FlexeraConsoleAppTests.csproj", "{A75335C4-9225-489A-89D1-7FAC50B31A7F}"
EndProject
Project("{2150E333-8FDC-42A3-9474-1A3956D46DE8}") = "FlexeraConsoleApp", "FlexeraConsoleApp", "{6DC59778-375A-49D9-BE20-4E729C9E6E58}"
EndProject
Project("{2150E333-8FDC-42A3-9474-1A3956D46DE8}") = "FlexeraConsoleApp.Tests", "FlexeraConsoleApp.Tests", "{C5D28E8D-B0F7-4248-81F7-6C3225E0F751}"
EndProject
Global
	GlobalSection(SolutionConfigurationPlatforms) = preSolution
		Debug|Any CPU = Debug|Any CPU
		Release|Any CPU = Release|Any CPU
	EndGlobalSection
	GlobalSection(ProjectConfigurationPlatforms) = postSolution
		{C50D1722-8288-4931-904B-7E3105ECD8AA}.Debug|Any CPU.ActiveCfg = Debug|Any CPU
		{C50D1722-8288-4931-904B-7E3105ECD8AA}.Debug|Any CPU.Build.0 = Debug|Any CPU
		{C50D1722-8288-4931-904B-7E3105ECD8AA}.Release|Any CPU.ActiveCfg = Release|Any CPU
		{C50D1722-8288-4931-904B-7E3105ECD8AA}.Release|Any CPU.Build.0 = Release|Any CPU
		{A75335C4-9225-489A-89D1-7FAC50B31A7F}.Debug|Any CPU.ActiveCfg = Debug|Any CPU
		{A75335C4-9225-489A-89D1-7FAC50B31A7F}.Debug|Any CPU.Build.0 = Debug|Any CPU
		{A75335C4-9225-489A-89D1-7FAC50B31A7F}.Release|Any CPU.ActiveCfg = Release|Any CPU
		{A75335C4-9225-489A-89D1-7FAC50B31A7F}.Release|Any CPU.Build.0 = Release|Any CPU
	EndGlobalSection
	GlobalSection(SolutionProperties) = preSolution
		HideSolutionNode = FALSE
	EndGlobalSection
	GlobalSection(NestedProjects) = preSolution
		{C50D1722-8288-4931-904B-7E3105ECD8AA} = {6DC59778-375A-49D9-BE20-4E729C9E6E58}
		{A75335C4-9225-489A-89D1-7FAC50B31A7F} = {C5D28E8D-B0F7-4248-81F7-6C3225E0F751}
	EndGlobalSection
	GlobalSection(ExtensibilityGlobals) = postSolution
		SolutionGuid = {7E0F1376-17CD-4338-B9EC-CB74D8D2E347}
	EndGlobalSection
EndGlobal
